
Microsoft Visual Studio Solution File, Format Version 12.00
# Visual Studio Version 17
VisualStudioVersion = 17.9.34622.214
MinimumVisualStudioVersion = 10.0.40219.1
Project("{FAE04EC0-301F-11D3-BF4B-00C04F79EFBC}") = "TodoBlazor", "TodoBlazor\TodoBlazor.csproj", "{158C2221-9A62-4348-83E4-64CDF61E2E6C}"
EndProject
Global
	GlobalSection(SolutionConfigurationPlatforms) = preSolution
		Debug|Any CPU = Debug|Any CPU
		Release|Any CPU = Release|Any CPU
	EndGlobalSection
	GlobalSection(ProjectConfigurationPlatforms) = postSolution
		{158C2221-9A62-4348-83E4-64CDF61E2E6C}.Debug|Any CPU.ActiveCfg = Debug|Any CPU
		{158C2221-9A62-4348-83E4-64CDF61E2E6C}.Debug|Any CPU.Build.0 = Debug|Any CPU
		{158C2221-9A62-4348-83E4-64CDF61E2E6C}.Release|Any CPU.ActiveCfg = Release|Any CPU
		{158C2221-9A62-4348-83E4-64CDF61E2E6C}.Release|Any CPU.Build.0 = Release|Any CPU
	EndGlobalSection
	GlobalSection(SolutionProperties) = preSolution
		HideSolutionNode = FALSE
	EndGlobalSection
	GlobalSection(ExtensibilityGlobals) = postSolution
		SolutionGuid = {AA213D9E-9A78-49E4-B21B-8041140810BD}
	EndGlobalSection
EndGlobal
